
Microsoft Visual Studio Solution File, Format Version 11.00
# Visual Studio 10
Project("{F184B08F-C81C-45F6-A57F-5ABD9991F28F}") = "Strings", "Strings.vbproj", "{352FD867-FBFC-44B1-8BE0-8AECB2A14943}"
EndProject
Global
	GlobalSection(SolutionConfigurationPlatforms) = preSolution
		Debug|x86 = Debug|x86
		Release|x86 = Release|x86
	EndGlobalSection
	GlobalSection(ProjectConfigurationPlatforms) = postSolution
		{352FD867-FBFC-44B1-8BE0-8AECB2A14943}.Debug|x86.ActiveCfg = Debug|x86
		{352FD867-FBFC-44B1-8BE0-8AECB2A14943}.Debug|x86.Build.0 = Debug|x86
		{352FD867-FBFC-44B1-8BE0-8AECB2A14943}.Release|x86.ActiveCfg = Release|x86
		{352FD867-FBFC-44B1-8BE0-8AECB2A14943}.Release|x86.Build.0 = Release|x86
	EndGlobalSection
	GlobalSection(SolutionProperties) = preSolution
		HideSolutionNode = FALSE
	EndGlobalSection
EndGlobal
